<?xml version="1.0" encoding="utf-8"?>
<Project ToolsVersion="4.0" xmlns="http://schemas.microsoft.com/developer/msbuild/2003">
  <ItemGroup>
    <Filter Include="Source Files">
      <UniqueIdentifier>{4FC737F1-C7A5-4376-A066-2A32D752A2FF}</UniqueIdentifier>
      <Extensions>cpp;c;cc;cxx;c++;cppm;ixx;def;odl;idl;hpj;bat;asm;asmx</Extensions>
    </Filter>
    <Filter Include="Header Files">
      <UniqueIdentifier>{93995380-89BD-4b04-88EB-625FBE52EBFB}</UniqueIdentifier>
      <Extensions>h;hh;hpp;hxx;h++;hm;inl;inc;ipp;xsd</Extensions>
    </Filter>
    <Filter Include="Resource Files">
      <UniqueIdentifier>{67DA6AB6-F800-4c08-8B7A-83BB121AAD01}</UniqueIdentifier>
      <Extensions>rc;ico;cur;bmp;dlg;rc2;rct;bin;rgs;gif;jpg;jpeg;jpe;resx;tiff;tif;png;wav;mfcribbon-ms</Extensions>
    </Filter>
    <Filter Include="Shaders">
      <UniqueIdentifier>{ccde4965-f657-4b1b-9939-6ab3e94433f1}</UniqueIdentifier>
    </Filter>
    <Filter Include="Assets">
      <UniqueIdentifier>{eca279d6-7b81-4360-bdb6-04191eab1b37}</UniqueIdentifier>
    </Filter>
    <Filter Include="GL Utils">
      <UniqueIdentifier>{e1d11d45-99ec-4d70-b229-4cd6b8c1ccc9}</UniqueIdentifier>
    </Filter>
    <Filter Include="Shaders\SkyBox">
      <UniqueIdentifier>{eedeba3d-5dd8-4b8c-8501-d7593b7e1844}</UniqueIdentifier>
    </Filter>
    <Filter Include="Assets\SkyBox2">
      <UniqueIdentifier>{dd7f3522-7c70-45d1-af49-56a9027f92ba}</UniqueIdentifier>
    </Filter>
    <Filter Include="Assets\Earth">
      <UniqueIdentifier>{1b43078d-422a-482d-8ba1-7c3bf9632934}</UniqueIdentifier>
    </Filter>
    <Filter Include="Assets\Sun">
      <UniqueIdentifier>{324e4dcb-567a-4e25-9c5d-696c1699ec9e}</UniqueIdentifier>
    </Filter>
  </ItemGroup>
  <ItemGroup>
    <ClCompile Include="main.cpp">
      <Filter>Source Files</Filter>
    </ClCompile>
    <ClCompile Include="MyApp.cpp">
      <Filter>Source Files</Filter>
    </ClCompile>
    <ClCompile Include="includes\Camera.cpp">
      <Filter>GL Utils</Filter>
    </ClCompile>
    <ClCompile Include="includes\CameraManipulator.cpp">
      <Filter>GL Utils</Filter>
    </ClCompile>
    <ClCompile Include="includes\GLUtils.cpp">
      <Filter>GL Utils</Filter>
    </ClCompile>
    <ClCompile Include="includes\ObjParser.cpp">
      <Filter>GL Utils</Filter>
    </ClCompile>
    <ClCompile Include="includes\ProgramBuilder.cpp">
      <Filter>GL Utils</Filter>
    </ClCompile>
    <ClCompile Include="includes\SDL_GLDebugMessageCallback.cpp">
      <Filter>GL Utils</Filter>
    </ClCompile>
  </ItemGroup>
  <ItemGroup>
    <None Include="Shaders\Frag_Lighting.frag">
      <Filter>Shaders</Filter>
    </None>
    <None Include="Shaders\Vert_PlanetPosNormTex.vert">
      <Filter>Shaders</Filter>
    </None>
    <None Include="Shaders\SkyBox\Frag_skybox.frag">
      <Filter>Shaders\SkyBox</Filter>
    </None>
    <None Include="Shaders\SkyBox\Vert_skybox.vert">
      <Filter>Shaders\SkyBox</Filter>
    </None>
    <None Include="Shaders\Vert_SunPosNormTex.vert">
      <Filter>Shaders</Filter>
    </None>
  </ItemGroup>
  <ItemGroup>
    <ClInclude Include="includes\Camera.h">
      <Filter>GL Utils</Filter>
    </ClInclude>
    <ClInclude Include="includes\CameraManipulator.h">
      <Filter>GL Utils</Filter>
    </ClInclude>
    <ClInclude Include="includes\GLUtils.hpp">
      <Filter>GL Utils</Filter>
    </ClInclude>
    <ClInclude Include="includes\ObjParser.h">
      <Filter>GL Utils</Filter>
    </ClInclude>
    <ClInclude Include="includes\ParametricSurfaceMesh.hpp">
      <Filter>GL Utils</Filter>
    </ClInclude>
    <ClInclude Include="includes\ProgramBuilder.h">
      <Filter>GL Utils</Filter>
    </ClInclude>
    <ClInclude Include="includes\SDL_GLDebugMessageCallback.h">
      <Filter>GL Utils</Filter>
    </ClInclude>
    <ClInclude Include="MyApp.h">
      <Filter>Header Files</Filter>
    </ClInclude>
  </ItemGroup>
  <ItemGroup>
    <Image Include="Assets\color_checkerboard.png">
      <Filter>Assets</Filter>
    </Image>
    <Image Include="Assets\SkyBox2\xneg.png">
      <Filter>Assets\SkyBox2</Filter>
    </Image>
    <Image Include="Assets\SkyBox2\xpos.png">
      <Filter>Assets\SkyBox2</Filter>
    </Image>
    <Image Include="Assets\SkyBox2\yneg.png">
      <Filter>Assets\SkyBox2</Filter>
    </Image>
    <Image Include="Assets\SkyBox2\ypos.png">
      <Filter>Assets\SkyBox2</Filter>
    </Image>
    <Image Include="Assets\SkyBox2\zneg.png">
      <Filter>Assets\SkyBox2</Filter>
    </Image>
    <Image Include="Assets\SkyBox2\zpos.png">
      <Filter>Assets\SkyBox2</Filter>
    </Image>
    <Image Include="Assets\Earth\colorTex.jpg">
      <Filter>Assets\Earth</Filter>
    </Image>
    <Image Include="Assets\Earth\heightMapTex.png">
      <Filter>Assets\Earth</Filter>
    </Image>
    <Image Include="Assets\Sun\sunColorTex.jpg">
      <Filter>Assets\Sun</Filter>
    </Image>
    <Image Include="Assets\Sun\sunHeightTex.png">
      <Filter>Assets\Sun</Filter>
    </Image>
  </ItemGroup>
</Project>